
Microsoft Visual Studio Solution File, Format Version 12.00
# Visual Studio Version 17
VisualStudioVersion = 17.10.34928.147
MinimumVisualStudioVersion = 10.0.40219.1
Project("{9A19103F-16F7-4668-BE54-9A1E7A4F7556}") = "desafio_picpay", "desafio_picpay\desafio_picpay\desafio_picpay.csproj", "{46D3E415-A454-4FF5-A3C6-DFA429E38AFF}"
EndProject
Project("{9A19103F-16F7-4668-BE54-9A1E7A4F7556}") = "desafio_picpay.Client", "desafio_picpay\desafio_picpay.Client\desafio_picpay.Client.csproj", "{A9D3FD66-DC2E-4926-AD7F-3224E01C1F59}"
EndProject
Project("{FAE04EC0-301F-11D3-BF4B-00C04F79EFBC}") = "desafio_picpay.Shared", "desafio_picpay.Shared\desafio_picpay.Shared.csproj", "{5F9483C4-6BCA-40B9-BABC-9F385EAB67A6}"
EndProject
Global
	GlobalSection(SolutionConfigurationPlatforms) = preSolution
		Debug|Any CPU = Debug|Any CPU
		Release|Any CPU = Release|Any CPU
	EndGlobalSection
	GlobalSection(ProjectConfigurationPlatforms) = postSolution
		{46D3E415-A454-4FF5-A3C6-DFA429E38AFF}.Debug|Any CPU.ActiveCfg = Debug|Any CPU
		{46D3E415-A454-4FF5-A3C6-DFA429E38AFF}.Debug|Any CPU.Build.0 = Debug|Any CPU
		{46D3E415-A454-4FF5-A3C6-DFA429E38AFF}.Release|Any CPU.ActiveCfg = Release|Any CPU
		{46D3E415-A454-4FF5-A3C6-DFA429E38AFF}.Release|Any CPU.Build.0 = Release|Any CPU
		{A9D3FD66-DC2E-4926-AD7F-3224E01C1F59}.Debug|Any CPU.ActiveCfg = Debug|Any CPU
		{A9D3FD66-DC2E-4926-AD7F-3224E01C1F59}.Debug|Any CPU.Build.0 = Debug|Any CPU
		{A9D3FD66-DC2E-4926-AD7F-3224E01C1F59}.Release|Any CPU.ActiveCfg = Release|Any CPU
		{A9D3FD66-DC2E-4926-AD7F-3224E01C1F59}.Release|Any CPU.Build.0 = Release|Any CPU
		{5F9483C4-6BCA-40B9-BABC-9F385EAB67A6}.Debug|Any CPU.ActiveCfg = Debug|Any CPU
		{5F9483C4-6BCA-40B9-BABC-9F385EAB67A6}.Debug|Any CPU.Build.0 = Debug|Any CPU
		{5F9483C4-6BCA-40B9-BABC-9F385EAB67A6}.Release|Any CPU.ActiveCfg = Release|Any CPU
		{5F9483C4-6BCA-40B9-BABC-9F385EAB67A6}.Release|Any CPU.Build.0 = Release|Any CPU
	EndGlobalSection
	GlobalSection(SolutionProperties) = preSolution
		HideSolutionNode = FALSE
	EndGlobalSection
	GlobalSection(ExtensibilityGlobals) = postSolution
		SolutionGuid = {8963F159-6D6A-49F9-B053-DA7BAD08F1A7}
	EndGlobalSection
EndGlobal
